<?xml version="1.0" encoding="utf-8"?>
<Project ToolsVersion="4.0" xmlns="http://schemas.microsoft.com/developer/msbuild/2003">
  <ItemGroup>
    <Filter Include="Source Files">
      <UniqueIdentifier>{4FC737F1-C7A5-4376-A066-2A32D752A2FF}</UniqueIdentifier>
      <Extensions>cpp;c;cc;cxx;def;odl;idl;hpj;bat;asm;asmx</Extensions>
    </Filter>
    <Filter Include="Header Files">
      <UniqueIdentifier>{93995380-89BD-4b04-88EB-625FBE52EBFB}</UniqueIdentifier>
      <Extensions>h;hh;hpp;hxx;hm;inl;inc;xsd</Extensions>
    </Filter>
    <Filter Include="Resource Files">
      <UniqueIdentifier>{67DA6AB6-F800-4c08-8B7A-83BB121AAD01}</UniqueIdentifier>
      <Extensions>rc;ico;cur;bmp;dlg;rc2;rct;bin;rgs;gif;jpg;jpeg;jpe;resx;tiff;tif;png;wav;mfcribbon-ms</Extensions>
    </Filter>
    <Filter Include="Header Files\Gdi">
      <UniqueIdentifier>{ed9adcfd-bf6f-4b69-b425-7a9252072e4d}</UniqueIdentifier>
    </Filter>
    <Filter Include="Source Files\Gdi">
      <UniqueIdentifier>{a8e1437a-7bec-4492-830a-9a0d844aa06b}</UniqueIdentifier>
    </Filter>
    <Filter Include="Header Files\DDraw">
      <UniqueIdentifier>{370ccd34-b783-421b-87fc-84ce703e851d}</UniqueIdentifier>
    </Filter>
    <Filter Include="Source Files\DDraw">
      <UniqueIdentifier>{bcc85014-8548-43ff-902f-16bcb6a0e96b}</UniqueIdentifier>
    </Filter>
    <Filter Include="Header Files\Direct3d">
      <UniqueIdentifier>{1e5628f5-39bf-4080-ae94-938081671cf8}</UniqueIdentifier>
    </Filter>
    <Filter Include="Source Files\Direct3d">
      <UniqueIdentifier>{08a23b36-cd96-4214-985b-0473ecf6ecab}</UniqueIdentifier>
    </Filter>
    <Filter Include="Header Files\D3dDdi">
      <UniqueIdentifier>{10719dd2-f68b-4f6c-82b1-3e3bd8def099}</UniqueIdentifier>
    </Filter>
    <Filter Include="Source Files\D3dDdi">
      <UniqueIdentifier>{9c81f8c4-c564-49f2-b66f-c051d332d6a0}</UniqueIdentifier>
    </Filter>
  </ItemGroup>
  <ItemGroup>
    <ClInclude Include="DDrawProcs.h">
      <Filter>Header Files</Filter>
    </ClInclude>
    <ClInclude Include="DDrawVtableVisitor.h">
      <Filter>Header Files</Filter>
    </ClInclude>
    <ClInclude Include="DDrawLog.h">
      <Filter>Header Files</Filter>
    </ClInclude>
    <ClInclude Include="DirectDrawSurfaceVtblVisitor.h">
      <Filter>Header Files</Filter>
    </ClInclude>
    <ClInclude Include="DirectDrawVtblVisitor.h">
      <Filter>Header Files</Filter>
    </ClInclude>
    <ClInclude Include="DirectDrawPaletteVtblVisitor.h">
      <Filter>Header Files</Filter>
    </ClInclude>
    <ClInclude Include="Config.h">
      <Filter>Header Files</Filter>
    </ClInclude>
    <ClInclude Include="Hook.h">
      <Filter>Header Files</Filter>
    </ClInclude>
    <ClInclude Include="CompatRegistry.h">
      <Filter>Header Files</Filter>
    </ClInclude>
    <ClInclude Include="ScopedCriticalSection.h">
      <Filter>Header Files</Filter>
    </ClInclude>
    <ClInclude Include="Time.h">
      <Filter>Header Files</Filter>
    </ClInclude>
    <ClInclude Include="CompatPtr.h">
      <Filter>Header Files</Filter>
    </ClInclude>
    <ClInclude Include="CompatQueryInterface.h">
      <Filter>Header Files</Filter>
    </ClInclude>
    <ClInclude Include="CompatWeakPtr.h">
      <Filter>Header Files</Filter>
    </ClInclude>
    <ClInclude Include="CompatRef.h">
      <Filter>Header Files</Filter>
    </ClInclude>
    <ClInclude Include="CompatFontSmoothing.h">
      <Filter>Header Files</Filter>
    </ClInclude>
    <ClInclude Include="CompatHooks.h">
      <Filter>Header Files</Filter>
    </ClInclude>
    <ClInclude Include="Direct3dVtblVisitor.h">
      <Filter>Header Files</Filter>
    </ClInclude>
    <ClInclude Include="Direct3dDeviceVtblVisitor.h">
      <Filter>Header Files</Filter>
    </ClInclude>
    <ClInclude Include="D3dDdiAdapterCallbacksVisitor.h">
      <Filter>Header Files</Filter>
    </ClInclude>
    <ClInclude Include="D3dDdiAdapterFuncsVisitor.h">
      <Filter>Header Files</Filter>
    </ClInclude>
    <ClInclude Include="D3dDdiDeviceCallbacksVisitor.h">
      <Filter>Header Files</Filter>
    </ClInclude>
    <ClInclude Include="D3dDdiDeviceFuncsVisitor.h">
      <Filter>Header Files</Filter>
    </ClInclude>
    <ClInclude Include="Gdi\Gdi.h">
      <Filter>Header Files\Gdi</Filter>
    </ClInclude>
    <ClInclude Include="Gdi\Caret.h">
      <Filter>Header Files\Gdi</Filter>
    </ClInclude>
    <ClInclude Include="Gdi\Dc.h">
      <Filter>Header Files\Gdi</Filter>
    </ClInclude>
    <ClInclude Include="Gdi\DcCache.h">
      <Filter>Header Files\Gdi</Filter>
    </ClInclude>
    <ClInclude Include="Gdi\DcFunctions.h">
      <Filter>Header Files\Gdi</Filter>
    </ClInclude>
    <ClInclude Include="Gdi\PaintHandlers.h">
      <Filter>Header Files\Gdi</Filter>
    </ClInclude>
    <ClInclude Include="Gdi\ScrollBar.h">
      <Filter>Header Files\Gdi</Filter>
    </ClInclude>
    <ClInclude Include="Gdi\ScrollFunctions.h">
      <Filter>Header Files\Gdi</Filter>
    </ClInclude>
    <ClInclude Include="Gdi\TitleBar.h">
      <Filter>Header Files\Gdi</Filter>
    </ClInclude>
    <ClInclude Include="Gdi\WinProc.h">
      <Filter>Header Files\Gdi</Filter>
    </ClInclude>
    <ClInclude Include="CompatVtable.h">
      <Filter>Header Files</Filter>
    </ClInclude>
    <ClInclude Include="DDraw\CompatPrimarySurface.h">
      <Filter>Header Files\DDraw</Filter>
    </ClInclude>
    <ClInclude Include="DDraw\IReleaseNotifier.h">
      <Filter>Header Files\DDraw</Filter>
    </ClInclude>
    <ClInclude Include="DDraw\RealPrimarySurface.h">
      <Filter>Header Files\DDraw</Filter>
    </ClInclude>
    <ClInclude Include="DDraw\ActivateAppHandler.h">
      <Filter>Header Files\DDraw</Filter>
    </ClInclude>
    <ClInclude Include="DDraw\DisplayMode.h">
      <Filter>Header Files\DDraw</Filter>
    </ClInclude>
    <ClInclude Include="DDraw\PaletteConverter.h">
      <Filter>Header Files\DDraw</Filter>
    </ClInclude>
    <ClInclude Include="DDraw\Hooks.h">
      <Filter>Header Files\DDraw</Filter>
    </ClInclude>
    <ClInclude Include="DDraw\Repository.h">
      <Filter>Header Files\DDraw</Filter>
    </ClInclude>
    <ClInclude Include="DDraw\ScopedThreadLock.h">
      <Filter>Header Files\DDraw</Filter>
    </ClInclude>
    <ClInclude Include="DDraw\Types.h">
      <Filter>Header Files\DDraw</Filter>
    </ClInclude>
    <ClInclude Include="DDraw\DirectDraw.h">
      <Filter>Header Files\DDraw</Filter>
    </ClInclude>
    <ClInclude Include="DDraw\DirectDrawPalette.h">
      <Filter>Header Files\DDraw</Filter>
    </ClInclude>
    <ClInclude Include="DDraw\DirectDrawSurface.h">
      <Filter>Header Files\DDraw</Filter>
    </ClInclude>
    <ClInclude Include="Direct3d\Direct3d.h">
      <Filter>Header Files\Direct3d</Filter>
    </ClInclude>
    <ClInclude Include="Direct3d\Direct3dDevice.h">
      <Filter>Header Files\Direct3d</Filter>
    </ClInclude>
    <ClInclude Include="Direct3d\DepthBuffer.h">
      <Filter>Header Files\Direct3d</Filter>
    </ClInclude>
    <ClInclude Include="Direct3d\Types.h">
      <Filter>Header Files\Direct3d</Filter>
    </ClInclude>
    <ClInclude Include="Direct3d\Hooks.h">
      <Filter>Header Files\Direct3d</Filter>
    </ClInclude>
    <ClInclude Include="D3dDdi\AdapterCallbacks.h">
      <Filter>Header Files\D3dDdi</Filter>
    </ClInclude>
    <ClInclude Include="D3dDdi\AdapterFuncs.h">
      <Filter>Header Files\D3dDdi</Filter>
    </ClInclude>
    <ClInclude Include="D3dDdi\DeviceCallbacks.h">
      <Filter>Header Files\D3dDdi</Filter>
    </ClInclude>
    <ClInclude Include="D3dDdi\DeviceFuncs.h">
      <Filter>Header Files\D3dDdi</Filter>
    </ClInclude>
    <ClInclude Include="D3dDdi\Hooks.h">
      <Filter>Header Files\D3dDdi</Filter>
    </ClInclude>
  </ItemGroup>
  <ItemGroup>
    <ClCompile Include="DllMain.cpp">
      <Filter>Source Files</Filter>
    </ClCompile>
    <ClCompile Include="UnmodifiedDDrawProcs.cpp">
      <Filter>Source Files</Filter>
    </ClCompile>
    <ClCompile Include="DDrawProcs.cpp">
      <Filter>Source Files</Filter>
    </ClCompile>
    <ClCompile Include="DDrawLog.cpp">
      <Filter>Source Files</Filter>
    </ClCompile>
    <ClCompile Include="Hook.cpp">
      <Filter>Source Files</Filter>
    </ClCompile>
    <ClCompile Include="CompatRegistry.cpp">
      <Filter>Source Files</Filter>
    </ClCompile>
    <ClCompile Include="Time.cpp">
      <Filter>Source Files</Filter>
    </ClCompile>
    <ClCompile Include="CompatFontSmoothing.cpp">
      <Filter>Source Files</Filter>
    </ClCompile>
    <ClCompile Include="CompatHooks.cpp">
      <Filter>Source Files</Filter>
    </ClCompile>
    <ClCompile Include="Gdi\Gdi.cpp">
      <Filter>Source Files\Gdi</Filter>
    </ClCompile>
    <ClCompile Include="Gdi\Caret.cpp">
      <Filter>Source Files\Gdi</Filter>
    </ClCompile>
    <ClCompile Include="Gdi\Dc.cpp">
      <Filter>Source Files\Gdi</Filter>
    </ClCompile>
    <ClCompile Include="Gdi\DcCache.cpp">
      <Filter>Source Files\Gdi</Filter>
    </ClCompile>
    <ClCompile Include="Gdi\DcFunctions.cpp">
      <Filter>Source Files\Gdi</Filter>
    </ClCompile>
    <ClCompile Include="Gdi\PaintHandlers.cpp">
      <Filter>Source Files\Gdi</Filter>
    </ClCompile>
    <ClCompile Include="Gdi\ScrollBar.cpp">
      <Filter>Source Files\Gdi</Filter>
    </ClCompile>
    <ClCompile Include="Gdi\ScrollFunctions.cpp">
      <Filter>Source Files\Gdi</Filter>
    </ClCompile>
    <ClCompile Include="Gdi\TitleBar.cpp">
      <Filter>Source Files\Gdi</Filter>
    </ClCompile>
    <ClCompile Include="Gdi\WinProc.cpp">
      <Filter>Source Files\Gdi</Filter>
    </ClCompile>
    <ClCompile Include="DDraw\CompatPrimarySurface.cpp">
      <Filter>Source Files\DDraw</Filter>
    </ClCompile>
    <ClCompile Include="DDraw\IReleaseNotifier.cpp">
      <Filter>Source Files\DDraw</Filter>
    </ClCompile>
    <ClCompile Include="DDraw\RealPrimarySurface.cpp">
      <Filter>Source Files\DDraw</Filter>
    </ClCompile>
    <ClCompile Include="DDraw\ActivateAppHandler.cpp">
      <Filter>Source Files\DDraw</Filter>
    </ClCompile>
    <ClCompile Include="DDraw\DisplayMode.cpp">
      <Filter>Source Files\DDraw</Filter>
    </ClCompile>
    <ClCompile Include="DDraw\PaletteConverter.cpp">
      <Filter>Source Files\DDraw</Filter>
    </ClCompile>
    <ClCompile Include="DDraw\Hooks.cpp">
      <Filter>Source Files\DDraw</Filter>
    </ClCompile>
    <ClCompile Include="DDraw\Repository.cpp">
      <Filter>Source Files\DDraw</Filter>
    </ClCompile>
    <ClCompile Include="DDraw\DirectDraw.cpp">
      <Filter>Source Files\DDraw</Filter>
    </ClCompile>
    <ClCompile Include="DDraw\DirectDrawPalette.cpp">
      <Filter>Source Files\DDraw</Filter>
    </ClCompile>
    <ClCompile Include="DDraw\DirectDrawSurface.cpp">
      <Filter>Source Files\DDraw</Filter>
    </ClCompile>
    <ClCompile Include="Direct3d\Direct3d.cpp">
      <Filter>Source Files\Direct3d</Filter>
    </ClCompile>
    <ClCompile Include="Direct3d\Direct3dDevice.cpp">
      <Filter>Source Files\Direct3d</Filter>
    </ClCompile>
    <ClCompile Include="Direct3d\DepthBuffer.cpp">
      <Filter>Source Files\Direct3d</Filter>
    </ClCompile>
    <ClCompile Include="Direct3d\Hooks.cpp">
      <Filter>Source Files\Direct3d</Filter>
    </ClCompile>
    <ClCompile Include="D3dDdi\AdapterCallbacks.cpp">
      <Filter>Source Files\D3dDdi</Filter>
    </ClCompile>
    <ClCompile Include="D3dDdi\AdapterFuncs.cpp">
      <Filter>Source Files\D3dDdi</Filter>
    </ClCompile>
    <ClCompile Include="D3dDdi\DeviceCallbacks.cpp">
      <Filter>Source Files\D3dDdi</Filter>
    </ClCompile>
    <ClCompile Include="D3dDdi\DeviceFuncs.cpp">
      <Filter>Source Files\D3dDdi</Filter>
    </ClCompile>
    <ClCompile Include="D3dDdi\Hooks.cpp">
      <Filter>Source Files\D3dDdi</Filter>
    </ClCompile>
  </ItemGroup>
  <ItemGroup>
    <None Include="DDrawCompat.def">
      <Filter>Source Files</Filter>
    </None>
  </ItemGroup>
</Project>